
Microsoft Visual Studio Solution File, Format Version 12.00
# Visual Studio Version 17
VisualStudioVersion = 17.8.34408.163
MinimumVisualStudioVersion = 10.0.40219.1
Project("{FAE04EC0-301F-11D3-BF4B-00C04F79EFBC}") = "RS", "RS.csproj", "{A4A73540-C797-4192-A462-D30F40733E92}"
EndProject
Global
	GlobalSection(SolutionConfigurationPlatforms) = preSolution
		Debug|Any CPU = Debug|Any CPU
		Release|Any CPU = Release|Any CPU
	EndGlobalSection
	GlobalSection(ProjectConfigurationPlatforms) = postSolution
		{A4A73540-C797-4192-A462-D30F40733E92}.Debug|Any CPU.ActiveCfg = Debug|Any CPU
		{A4A73540-C797-4192-A462-D30F40733E92}.Debug|Any CPU.Build.0 = Debug|Any CPU
		{A4A73540-C797-4192-A462-D30F40733E92}.Release|Any CPU.ActiveCfg = Release|Any CPU
		{A4A73540-C797-4192-A462-D30F40733E92}.Release|Any CPU.Build.0 = Release|Any CPU
	EndGlobalSection
	GlobalSection(SolutionProperties) = preSolution
		HideSolutionNode = FALSE
	EndGlobalSection
	GlobalSection(ExtensibilityGlobals) = postSolution
		SolutionGuid = {4705056C-02CE-4E7F-A24D-DE5DFB1D189D}
	EndGlobalSection
EndGlobal
